
Microsoft Visual Studio Solution File, Format Version 12.00
# Visual Studio Version 17
VisualStudioVersion = 17.10.34916.146
MinimumVisualStudioVersion = 10.0.40219.1
Project("{2150E333-8FDC-42A3-9474-1A3956D46DE8}") = "01", "01", "{AA322630-F9D6-412A-B3CD-91885EFEC701}"
EndProject
Project("{FAE04EC0-301F-11D3-BF4B-00C04F79EFBC}") = "Ejercicio01.Consola", "Ejecicio01.Consola\Ejercicio01.Consola.csproj", "{7F9831B9-5AD0-4E66-9570-6F623FBAA36F}"
EndProject
Project("{FAE04EC0-301F-11D3-BF4B-00C04F79EFBC}") = "Ejercicio01.Entidades", "Ejercicio01.Entidades\Ejercicio01.Entidades.csproj", "{FB8635DA-B333-421A-89C7-7BFBDF2E1333}"
EndProject
Project("{FAE04EC0-301F-11D3-BF4B-00C04F79EFBC}") = "Ejercicio01.Datos", "Ejercicio01.Datos\Ejercicio01.Datos.csproj", "{3E8229E4-06B5-4E94-8935-8EAC3BC9CC0D}"
EndProject
Global
	GlobalSection(SolutionConfigurationPlatforms) = preSolution
		Debug|Any CPU = Debug|Any CPU
		Release|Any CPU = Release|Any CPU
	EndGlobalSection
	GlobalSection(ProjectConfigurationPlatforms) = postSolution
		{7F9831B9-5AD0-4E66-9570-6F623FBAA36F}.Debug|Any CPU.ActiveCfg = Debug|Any CPU
		{7F9831B9-5AD0-4E66-9570-6F623FBAA36F}.Debug|Any CPU.Build.0 = Debug|Any CPU
		{7F9831B9-5AD0-4E66-9570-6F623FBAA36F}.Release|Any CPU.ActiveCfg = Release|Any CPU
		{7F9831B9-5AD0-4E66-9570-6F623FBAA36F}.Release|Any CPU.Build.0 = Release|Any CPU
		{FB8635DA-B333-421A-89C7-7BFBDF2E1333}.Debug|Any CPU.ActiveCfg = Debug|Any CPU
		{FB8635DA-B333-421A-89C7-7BFBDF2E1333}.Debug|Any CPU.Build.0 = Debug|Any CPU
		{FB8635DA-B333-421A-89C7-7BFBDF2E1333}.Release|Any CPU.ActiveCfg = Release|Any CPU
		{FB8635DA-B333-421A-89C7-7BFBDF2E1333}.Release|Any CPU.Build.0 = Release|Any CPU
		{3E8229E4-06B5-4E94-8935-8EAC3BC9CC0D}.Debug|Any CPU.ActiveCfg = Debug|Any CPU
		{3E8229E4-06B5-4E94-8935-8EAC3BC9CC0D}.Debug|Any CPU.Build.0 = Debug|Any CPU
		{3E8229E4-06B5-4E94-8935-8EAC3BC9CC0D}.Release|Any CPU.ActiveCfg = Release|Any CPU
		{3E8229E4-06B5-4E94-8935-8EAC3BC9CC0D}.Release|Any CPU.Build.0 = Release|Any CPU
	EndGlobalSection
	GlobalSection(SolutionProperties) = preSolution
		HideSolutionNode = FALSE
	EndGlobalSection
	GlobalSection(NestedProjects) = preSolution
		{7F9831B9-5AD0-4E66-9570-6F623FBAA36F} = {AA322630-F9D6-412A-B3CD-91885EFEC701}
		{FB8635DA-B333-421A-89C7-7BFBDF2E1333} = {AA322630-F9D6-412A-B3CD-91885EFEC701}
		{3E8229E4-06B5-4E94-8935-8EAC3BC9CC0D} = {AA322630-F9D6-412A-B3CD-91885EFEC701}
	EndGlobalSection
	GlobalSection(ExtensibilityGlobals) = postSolution
		SolutionGuid = {900EA1B1-AB9B-472A-BD65-D78EFD568252}
	EndGlobalSection
EndGlobal
